
Microsoft Visual Studio Solution File, Format Version 12.00
# Visual Studio Version 17
VisualStudioVersion = 17.13.35605.110 d17.13
MinimumVisualStudioVersion = 10.0.40219.1
Project("{F2A71F9B-5D33-465A-A702-920D77279786}") = "QuizApplication", "QuizApplication\QuizApplication.fsproj", "{6BD8800D-C1EE-4E46-AA11-9E11B88A3437}"
EndProject
Global
	GlobalSection(SolutionConfigurationPlatforms) = preSolution
		Debug|Any CPU = Debug|Any CPU
		Release|Any CPU = Release|Any CPU
	EndGlobalSection
	GlobalSection(ProjectConfigurationPlatforms) = postSolution
		{6BD8800D-C1EE-4E46-AA11-9E11B88A3437}.Debug|Any CPU.ActiveCfg = Debug|Any CPU
		{6BD8800D-C1EE-4E46-AA11-9E11B88A3437}.Debug|Any CPU.Build.0 = Debug|Any CPU
		{6BD8800D-C1EE-4E46-AA11-9E11B88A3437}.Release|Any CPU.ActiveCfg = Release|Any CPU
		{6BD8800D-C1EE-4E46-AA11-9E11B88A3437}.Release|Any CPU.Build.0 = Release|Any CPU
	EndGlobalSection
	GlobalSection(SolutionProperties) = preSolution
		HideSolutionNode = FALSE
	EndGlobalSection
	GlobalSection(ExtensibilityGlobals) = postSolution
		SolutionGuid = {78D00E50-3A97-4B3B-8A11-1E13FDE71F22}
	EndGlobalSection
EndGlobal
